# This file is autogenerated, do not edit; changes may be undone by the next 'dep ensure'.


[[projects]]
  digest = "1:f97285a3b0a496dcf8801072622230d513f69175665d94de60eb042d03387f6c"
  name = "github.com/julienschmidt/httprouter"
  packages = ["."]
  pruneopts = "UT"
  revision = "348b672cd90d8190f8240323e372ecd1e66b59dc"
  version = "v1.2.0"

[[projects]]
  digest = "1:f8de11325ef8c45551cfe1875607c0c10ef85ede872f4bc8b05d080d83a95950"
  name = "gopkg.in/go-playground/webhooks.v5"
  packages = ["github"]
  pruneopts = "UT"
  revision = "175186584584a83966dc9a7b8ec6c3d3a4ce6110"
  version = "v5.11.0"

[solve-meta]
  analyzer-name = "dep"
  analyzer-version = 1
  input-imports = [
    "github.com/julienschmidt/httprouter",
    "gopkg.in/go-playground/webhooks.v5/github",
  ]
  solver-name = "gps-cdcl"
  solver-version = 1
